// !$*UTF8*$!
{
	archiveVersion = 1;
	classes = {
	};
	objectVersion = 56;
	objects = {

/* Begin PBXBuildFile section */
		710C122E29F64C2B003B8FE0 /* AppDelegate.swift in Sources */ = {isa = PBXBuildFile; fileRef = 710C122D29F64C2B003B8FE0 /* AppDelegate.swift */; };
		710C123029F64C2B003B8FE0 /* SceneDelegate.swift in Sources */ = {isa = PBXBuildFile; fileRef = 710C122F29F64C2B003B8FE0 /* SceneDelegate.swift */; };
		710C123229F64C2B003B8FE0 /* ViewController.swift in Sources */ = {isa = PBXBuildFile; fileRef = 710C123129F64C2B003B8FE0 /* ViewController.swift */; };
		710C123529F64C2B003B8FE0 /* Main.storyboard in Resources */ = {isa = PBXBuildFile; fileRef = 710C123329F64C2B003B8FE0 /* Main.storyboard */; };
		710C123729F64C2D003B8FE0 /* Assets.xcassets in Resources */ = {isa = PBXBuildFile; fileRef = 710C123629F64C2D003B8FE0 /* Assets.xcassets */; };
		710C123A29F64C2D003B8FE0 /* LaunchScreen.storyboard in Resources */ = {isa = PBXBuildFile; fileRef = 710C123829F64C2D003B8FE0 /* LaunchScreen.storyboard */; };
		710C124529F64C2D003B8FE0 /* MyTwitterSampleAppTests.swift in Sources */ = {isa = PBXBuildFile; fileRef = 710C124429F64C2D003B8FE0 /* MyTwitterSampleAppTests.swift */; };
		710C124F29F64C2D003B8FE0 /* MyTwitterSampleAppUITests.swift in Sources */ = {isa = PBXBuildFile; fileRef = 710C124E29F64C2D003B8FE0 /* MyTwitterSampleAppUITests.swift */; };
		710C125129F64C2D003B8FE0 /* MyTwitterSampleAppUITestsLaunchTests.swift in Sources */ = {isa = PBXBuildFile; fileRef = 710C125029F64C2D003B8FE0 /* MyTwitterSampleAppUITestsLaunchTests.swift */; };
		7110ACE52A17B9FD00D013EF /* EditorViewController.storyboard in Resources */ = {isa = PBXBuildFile; fileRef = 7110ACE42A17B9FD00D013EF /* EditorViewController.storyboard */; };
		7110ACE72A17BA5000D013EF /* EditorViewController.swift in Sources */ = {isa = PBXBuildFile; fileRef = 7110ACE62A17BA5000D013EF /* EditorViewController.swift */; };
		717CF7062A078DF6008D5182 /* MainTableViewCell.swift in Sources */ = {isa = PBXBuildFile; fileRef = 717CF7042A078DF6008D5182 /* MainTableViewCell.swift */; };
		717CF7072A078DF6008D5182 /* MainTableViewCell.xib in Resources */ = {isa = PBXBuildFile; fileRef = 717CF7052A078DF6008D5182 /* MainTableViewCell.xib */; };
		71AEC8ED2A0626BE003B40EC /* Tweet.swift in Sources */ = {isa = PBXBuildFile; fileRef = 71AEC8EC2A0626BE003B40EC /* Tweet.swift */; };
/* End PBXBuildFile section */

/* Begin PBXContainerItemProxy section */
		710C124129F64C2D003B8FE0 /* PBXContainerItemProxy */ = {
			isa = PBXContainerItemProxy;
			containerPortal = 710C122229F64C2B003B8FE0 /* Project object */;
			proxyType = 1;
			remoteGlobalIDString = 710C122929F64C2B003B8FE0;
			remoteInfo = MyTwitterSampleApp;
		};
		710C124B29F64C2D003B8FE0 /* PBXContainerItemProxy */ = {
			isa = PBXContainerItemProxy;
			containerPortal = 710C122229F64C2B003B8FE0 /* Project object */;
			proxyType = 1;
			remoteGlobalIDString = 710C122929F64C2B003B8FE0;
			remoteInfo = MyTwitterSampleApp;
		};
/* End PBXContainerItemProxy section */

/* Begin PBXFileReference section */
		710C122A29F64C2B003B8FE0 /* MyTwitterSampleApp.app */ = {isa = PBXFileReference; explicitFileType = wrapper.application; includeInIndex = 0; path = MyTwitterSampleApp.app; sourceTree = BUILT_PRODUCTS_DIR; };
		710C122D29F64C2B003B8FE0 /* AppDelegate.swift */ = {isa = PBXFileReference; lastKnownFileType = sourcecode.swift; path = AppDelegate.swift; sourceTree = "<group>"; };
		710C122F29F64C2B003B8FE0 /* SceneDelegate.swift */ = {isa = PBXFileReference; lastKnownFileType = sourcecode.swift; path = SceneDelegate.swift; sourceTree = "<group>"; };
		710C123129F64C2B003B8FE0 /* ViewController.swift */ = {isa = PBXFileReference; lastKnownFileType = sourcecode.swift; path = ViewController.swift; sourceTree = "<group>"; };
		710C123429F64C2B003B8FE0 /* Base */ = {isa = PBXFileReference; lastKnownFileType = file.storyboard; name = Base; path = Base.lproj/Main.storyboard; sourceTree = "<group>"; };
		710C123629F64C2D003B8FE0 /* Assets.xcassets */ = {isa = PBXFileReference; lastKnownFileType = folder.assetcatalog; path = Assets.xcassets; sourceTree = "<group>"; };
		710C123929F64C2D003B8FE0 /* Base */ = {isa = PBXFileReference; lastKnownFileType = file.storyboard; name = Base; path = Base.lproj/LaunchScreen.storyboard; sourceTree = "<group>"; };
		710C123B29F64C2D003B8FE0 /* Info.plist */ = {isa = PBXFileReference; lastKnownFileType = text.plist.xml; path = Info.plist; sourceTree = "<group>"; };
		710C124029F64C2D003B8FE0 /* MyTwitterSampleAppTests.xctest */ = {isa = PBXFileReference; explicitFileType = wrapper.cfbundle; includeInIndex = 0; path = MyTwitterSampleAppTests.xctest; sourceTree = BUILT_PRODUCTS_DIR; };
		710C124429F64C2D003B8FE0 /* MyTwitterSampleAppTests.swift */ = {isa = PBXFileReference; lastKnownFileType = sourcecode.swift; path = MyTwitterSampleAppTests.swift; sourceTree = "<group>"; };
		710C124A29F64C2D003B8FE0 /* MyTwitterSampleAppUITests.xctest */ = {isa = PBXFileReference; explicitFileType = wrapper.cfbundle; includeInIndex = 0; path = MyTwitterSampleAppUITests.xctest; sourceTree = BUILT_PRODUCTS_DIR; };
		710C124E29F64C2D003B8FE0 /* MyTwitterSampleAppUITests.swift */ = {isa = PBXFileReference; lastKnownFileType = sourcecode.swift; path = MyTwitterSampleAppUITests.swift; sourceTree = "<group>"; };
		710C125029F64C2D003B8FE0 /* MyTwitterSampleAppUITestsLaunchTests.swift */ = {isa = PBXFileReference; lastKnownFileType = sourcecode.swift; path = MyTwitterSampleAppUITestsLaunchTests.swift; sourceTree = "<group>"; };
		7110ACE42A17B9FD00D013EF /* EditorViewController.storyboard */ = {isa = PBXFileReference; lastKnownFileType = file.storyboard; path = EditorViewController.storyboard; sourceTree = "<group>"; };
		7110ACE62A17BA5000D013EF /* EditorViewController.swift */ = {isa = PBXFileReference; lastKnownFileType = sourcecode.swift; path = EditorViewController.swift; sourceTree = "<group>"; };
		717CF7042A078DF6008D5182 /* MainTableViewCell.swift */ = {isa = PBXFileReference; lastKnownFileType = sourcecode.swift; path = MainTableViewCell.swift; sourceTree = "<group>"; };
		717CF7052A078DF6008D5182 /* MainTableViewCell.xib */ = {isa = PBXFileReference; lastKnownFileType = file.xib; path = MainTableViewCell.xib; sourceTree = "<group>"; };
		71AEC8EC2A0626BE003B40EC /* Tweet.swift */ = {isa = PBXFileReference; lastKnownFileType = sourcecode.swift; path = Tweet.swift; sourceTree = "<group>"; };
/* End PBXFileReference section */

/* Begin PBXFrameworksBuildPhase section */
		710C122729F64C2B003B8FE0 /* Frameworks */ = {
			isa = PBXFrameworksBuildPhase;
			buildActionMask = 2147483647;
			files = (
			);
			runOnlyForDeploymentPostprocessing = 0;
		};
		710C123D29F64C2D003B8FE0 /* Frameworks */ = {
			isa = PBXFrameworksBuildPhase;
			buildActionMask = 2147483647;
			files = (
			);
			runOnlyForDeploymentPostprocessing = 0;
		};
		710C124729F64C2D003B8FE0 /* Frameworks */ = {
			isa = PBXFrameworksBuildPhase;
			buildActionMask = 2147483647;
			files = (
			);
			runOnlyForDeploymentPostprocessing = 0;
		};
/* End PBXFrameworksBuildPhase section */

/* Begin PBXGroup section */
		710C122129F64C2B003B8FE0 = {
			isa = PBXGroup;
			children = (
				710C122C29F64C2B003B8FE0 /* MyTwitterSampleApp */,
				710C124329F64C2D003B8FE0 /* MyTwitterSampleAppTests */,
				710C124D29F64C2D003B8FE0 /* MyTwitterSampleAppUITests */,
				710C122B29F64C2B003B8FE0 /* Products */,
			);
			sourceTree = "<group>";
		};
		710C122B29F64C2B003B8FE0 /* Products */ = {
			isa = PBXGroup;
			children = (
				710C122A29F64C2B003B8FE0 /* MyTwitterSampleApp.app */,
				710C124029F64C2D003B8FE0 /* MyTwitterSampleAppTests.xctest */,
				710C124A29F64C2D003B8FE0 /* MyTwitterSampleAppUITests.xctest */,
			);
			name = Products;
			sourceTree = "<group>";
		};
		710C122C29F64C2B003B8FE0 /* MyTwitterSampleApp */ = {
			isa = PBXGroup;
			children = (
				710C122D29F64C2B003B8FE0 /* AppDelegate.swift */,
				710C122F29F64C2B003B8FE0 /* SceneDelegate.swift */,
				710C123129F64C2B003B8FE0 /* ViewController.swift */,
				710C123329F64C2B003B8FE0 /* Main.storyboard */,
				710C123629F64C2D003B8FE0 /* Assets.xcassets */,
				710C123829F64C2D003B8FE0 /* LaunchScreen.storyboard */,
				710C123B29F64C2D003B8FE0 /* Info.plist */,
				71AEC8EC2A0626BE003B40EC /* Tweet.swift */,
				717CF7042A078DF6008D5182 /* MainTableViewCell.swift */,
				717CF7052A078DF6008D5182 /* MainTableViewCell.xib */,
				7110ACE42A17B9FD00D013EF /* EditorViewController.storyboard */,
				7110ACE62A17BA5000D013EF /* EditorViewController.swift */,
			);
			path = MyTwitterSampleApp;
			sourceTree = "<group>";
		};
		710C124329F64C2D003B8FE0 /* MyTwitterSampleAppTests */ = {
			isa = PBXGroup;
			children = (
				710C124429F64C2D003B8FE0 /* MyTwitterSampleAppTests.swift */,
			);
			path = MyTwitterSampleAppTests;
			sourceTree = "<group>";
		};
		710C124D29F64C2D003B8FE0 /* MyTwitterSampleAppUITests */ = {
			isa = PBXGroup;
			children = (
				710C124E29F64C2D003B8FE0 /* MyTwitterSampleAppUITests.swift */,
				710C125029F64C2D003B8FE0 /* MyTwitterSampleAppUITestsLaunchTests.swift */,
			);
			path = MyTwitterSampleAppUITests;
			sourceTree = "<group>";
		};
/* End PBXGroup section */

/* Begin PBXNativeTarget section */
		710C122929F64C2B003B8FE0 /* MyTwitterSampleApp */ = {
			isa = PBXNativeTarget;
			buildConfigurationList = 710C125429F64C2D003B8FE0 /* Build configuration list for PBXNativeTarget "MyTwitterSampleApp" */;
			buildPhases = (
				710C122629F64C2B003B8FE0 /* Sources */,
				710C122729F64C2B003B8FE0 /* Frameworks */,
				710C122829F64C2B003B8FE0 /* Resources */,
			);
			buildRules = (
			);
			dependencies = (
			);
			name = MyTwitterSampleApp;
			productName = MyTwitterSampleApp;
			productReference = 710C122A29F64C2B003B8FE0 /* MyTwitterSampleApp.app */;
			productType = "com.apple.product-type.application";
		};
		710C123F29F64C2D003B8FE0 /* MyTwitterSampleAppTests */ = {
			isa = PBXNativeTarget;
			buildConfigurationList = 710C125729F64C2D003B8FE0 /* Build configuration list for PBXNativeTarget "MyTwitterSampleAppTests" */;
			buildPhases = (
				710C123C29F64C2D003B8FE0 /* Sources */,
				710C123D29F64C2D003B8FE0 /* Frameworks */,
				710C123E29F64C2D003B8FE0 /* Resources */,
			);
			buildRules = (
			);
			dependencies = (
				710C124229F64C2D003B8FE0 /* PBXTargetDependency */,
			);
			name = MyTwitterSampleAppTests;
			productName = MyTwitterSampleAppTests;
			productReference = 710C124029F64C2D003B8FE0 /* MyTwitterSampleAppTests.xctest */;
			productType = "com.apple.product-type.bundle.unit-test";
		};
		710C124929F64C2D003B8FE0 /* MyTwitterSampleAppUITests */ = {
			isa = PBXNativeTarget;
			buildConfigurationList = 710C125A29F64C2D003B8FE0 /* Build configuration list for PBXNativeTarget "MyTwitterSampleAppUITests" */;
			buildPhases = (
				710C124629F64C2D003B8FE0 /* Sources */,
				710C124729F64C2D003B8FE0 /* Frameworks */,
				710C124829F64C2D003B8FE0 /* Resources */,
			);
			buildRules = (
			);
			dependencies = (
				710C124C29F64C2D003B8FE0 /* PBXTargetDependency */,
			);
			name = MyTwitterSampleAppUITests;
			productName = MyTwitterSampleAppUITests;
			productReference = 710C124A29F64C2D003B8FE0 /* MyTwitterSampleAppUITests.xctest */;
			productType = "com.apple.product-type.bundle.ui-testing";
		};
/* End PBXNativeTarget section */

/* Begin PBXProject section */
		710C122229F64C2B003B8FE0 /* Project object */ = {
			isa = PBXProject;
			attributes = {
				BuildIndependentTargetsInParallel = 1;
				LastSwiftUpdateCheck = 1420;
				LastUpgradeCheck = 1420;
				TargetAttributes = {
					710C122929F64C2B003B8FE0 = {
						CreatedOnToolsVersion = 14.2;
					};
					710C123F29F64C2D003B8FE0 = {
						CreatedOnToolsVersion = 14.2;
						TestTargetID = 710C122929F64C2B003B8FE0;
					};
					710C124929F64C2D003B8FE0 = {
						CreatedOnToolsVersion = 14.2;
						TestTargetID = 710C122929F64C2B003B8FE0;
					};
				};
			};
			buildConfigurationList = 710C122529F64C2B003B8FE0 /* Build configuration list for PBXProject "MyTwitterSampleApp" */;
			compatibilityVersion = "Xcode 14.0";
			developmentRegion = en;
			hasScannedForEncodings = 0;
			knownRegions = (
				en,
				Base,
			);
			mainGroup = 710C122129F64C2B003B8FE0;
			productRefGroup = 710C122B29F64C2B003B8FE0 /* Products */;
			projectDirPath = "";
			projectRoot = "";
			targets = (
				710C122929F64C2B003B8FE0 /* MyTwitterSampleApp */,
				710C123F29F64C2D003B8FE0 /* MyTwitterSampleAppTests */,
				710C124929F64C2D003B8FE0 /* MyTwitterSampleAppUITests */,
			);
		};
/* End PBXProject section */

/* Begin PBXResourcesBuildPhase section */
		710C122829F64C2B003B8FE0 /* Resources */ = {
			isa = PBXResourcesBuildPhase;
			buildActionMask = 2147483647;
			files = (
				710C123A29F64C2D003B8FE0 /* LaunchScreen.storyboard in Resources */,
				7110ACE52A17B9FD00D013EF /* EditorViewController.storyboard in Resources */,
				710C123729F64C2D003B8FE0 /* Assets.xcassets in Resources */,
				717CF7072A078DF6008D5182 /* MainTableViewCell.xib in Resources */,
				710C123529F64C2B003B8FE0 /* Main.storyboard in Resources */,
			);
			runOnlyForDeploymentPostprocessing = 0;
		};
		710C123E29F64C2D003B8FE0 /* Resources */ = {
			isa = PBXResourcesBuildPhase;
			buildActionMask = 2147483647;
			files = (
			);
			runOnlyForDeploymentPostprocessing = 0;
		};
		710C124829F64C2D003B8FE0 /* Resources */ = {
			isa = PBXResourcesBuildPhase;
			buildActionMask = 2147483647;
			files = (
			);
			runOnlyForDeploymentPostprocessing = 0;
		};
/* End PBXResourcesBuildPhase section */

/* Begin PBXSourcesBuildPhase section */
		710C122629F64C2B003B8FE0 /* Sources */ = {
			isa = PBXSourcesBuildPhase;
			buildActionMask = 2147483647;
			files = (
				710C123229F64C2B003B8FE0 /* ViewController.swift in Sources */,
				7110ACE72A17BA5000D013EF /* EditorViewController.swift in Sources */,
				710C122E29F64C2B003B8FE0 /* AppDelegate.swift in Sources */,
				710C123029F64C2B003B8FE0 /* SceneDelegate.swift in Sources */,
				71AEC8ED2A0626BE003B40EC /* Tweet.swift in Sources */,
				717CF7062A078DF6008D5182 /* MainTableViewCell.swift in Sources */,
			);
			runOnlyForDeploymentPostprocessing = 0;
		};
		710C123C29F64C2D003B8FE0 /* Sources */ = {
			isa = PBXSourcesBuildPhase;
			buildActionMask = 2147483647;
			files = (
				710C124529F64C2D003B8FE0 /* MyTwitterSampleAppTests.swift in Sources */,
			);
			runOnlyForDeploymentPostprocessing = 0;
		};
		710C124629F64C2D003B8FE0 /* Sources */ = {
			isa = PBXSourcesBuildPhase;
			buildActionMask = 2147483647;
			files = (
				710C125129F64C2D003B8FE0 /* MyTwitterSampleAppUITestsLaunchTests.swift in Sources */,
				710C124F29F64C2D003B8FE0 /* MyTwitterSampleAppUITests.swift in Sources */,
			);
			runOnlyForDeploymentPostprocessing = 0;
		};
/* End PBXSourcesBuildPhase section */

/* Begin PBXTargetDependency section */
		710C124229F64C2D003B8FE0 /* PBXTargetDependency */ = {
			isa = PBXTargetDependency;
			target = 710C122929F64C2B003B8FE0 /* MyTwitterSampleApp */;
			targetProxy = 710C124129F64C2D003B8FE0 /* PBXContainerItemProxy */;
		};
		710C124C29F64C2D003B8FE0 /* PBXTargetDependency */ = {
			isa = PBXTargetDependency;
			target = 710C122929F64C2B003B8FE0 /* MyTwitterSampleApp */;
			targetProxy = 710C124B29F64C2D003B8FE0 /* PBXContainerItemProxy */;
		};
/* End PBXTargetDependency section */

/* Begin PBXVariantGroup section */
		710C123329F64C2B003B8FE0 /* Main.storyboard */ = {
			isa = PBXVariantGroup;
			children = (
				710C123429F64C2B003B8FE0 /* Base */,
			);
			name = Main.storyboard;
			sourceTree = "<group>";
		};
		710C123829F64C2D003B8FE0 /* LaunchScreen.storyboard */ = {
			isa = PBXVariantGroup;
			children = (
				710C123929F64C2D003B8FE0 /* Base */,
			);
			name = LaunchScreen.storyboard;
			sourceTree = "<group>";
		};
/* End PBXVariantGroup section */

/* Begin XCBuildConfiguration section */
		710C125229F64C2D003B8FE0 /* Debug */ = {
			isa = XCBuildConfiguration;
			buildSettings = {
				ALWAYS_SEARCH_USER_PATHS = NO;
				CLANG_ANALYZER_NONNULL = YES;
				CLANG_ANALYZER_NUMBER_OBJECT_CONVERSION = YES_AGGRESSIVE;
				CLANG_CXX_LANGUAGE_STANDARD = "gnu++20";
				CLANG_ENABLE_MODULES = YES;
				CLANG_ENABLE_OBJC_ARC = YES;
				CLANG_ENABLE_OBJC_WEAK = YES;
				CLANG_WARN_BLOCK_CAPTURE_AUTORELEASING = YES;
				CLANG_WARN_BOOL_CONVERSION = YES;
				CLANG_WARN_COMMA = YES;
				CLANG_WARN_CONSTANT_CONVERSION = YES;
				CLANG_WARN_DEPRECATED_OBJC_IMPLEMENTATIONS = YES;
				CLANG_WARN_DIRECT_OBJC_ISA_USAGE = YES_ERROR;
				CLANG_WARN_DOCUMENTATION_COMMENTS = YES;
				CLANG_WARN_EMPTY_BODY = YES;
				CLANG_WARN_ENUM_CONVERSION = YES;
				CLANG_WARN_INFINITE_RECURSION = YES;
				CLANG_WARN_INT_CONVERSION = YES;
				CLANG_WARN_NON_LITERAL_NULL_CONVERSION = YES;
				CLANG_WARN_OBJC_IMPLICIT_RETAIN_SELF = YES;
				CLANG_WARN_OBJC_LITERAL_CONVERSION = YES;
				CLANG_WARN_OBJC_ROOT_CLASS = YES_ERROR;
				CLANG_WARN_QUOTED_INCLUDE_IN_FRAMEWORK_HEADER = YES;
				CLANG_WARN_RANGE_LOOP_ANALYSIS = YES;
				CLANG_WARN_STRICT_PROTOTYPES = YES;
				CLANG_WARN_SUSPICIOUS_MOVE = YES;
				CLANG_WARN_UNGUARDED_AVAILABILITY = YES_AGGRESSIVE;
				CLANG_WARN_UNREACHABLE_CODE = YES;
				CLANG_WARN__DUPLICATE_METHOD_MATCH = YES;
				COPY_PHASE_STRIP = NO;
				DEBUG_INFORMATION_FORMAT = dwarf;
				ENABLE_STRICT_OBJC_MSGSEND = YES;
				ENABLE_TESTABILITY = YES;
				GCC_C_LANGUAGE_STANDARD = gnu11;
				GCC_DYNAMIC_NO_PIC = NO;
				GCC_NO_COMMON_BLOCKS = YES;
				GCC_OPTIMIZATION_LEVEL = 0;
				GCC_PREPROCESSOR_DEFINITIONS = (
					"DEBUG=1",
					"$(inherited)",
				);
				GCC_WARN_64_TO_32_BIT_CONVERSION = YES;
				GCC_WARN_ABOUT_RETURN_TYPE = YES_ERROR;
				GCC_WARN_UNDECLARED_SELECTOR = YES;
				GCC_WARN_UNINITIALIZED_AUTOS = YES_AGGRESSIVE;
				GCC_WARN_UNUSED_FUNCTION = YES;
				GCC_WARN_UNUSED_VARIABLE = YES;
				IPHONEOS_DEPLOYMENT_TARGET = 16.2;
				MTL_ENABLE_DEBUG_INFO = INCLUDE_SOURCE;
				MTL_FAST_MATH = YES;
				ONLY_ACTIVE_ARCH = YES;
				SDKROOT = iphoneos;
				SWIFT_ACTIVE_COMPILATION_CONDITIONS = DEBUG;
				SWIFT_OPTIMIZATION_LEVEL = "-Onone";
			};
			name = Debug;
		};
		710C125329F64C2D003B8FE0 /* Release */ = {
			isa = XCBuildConfiguration;
			buildSettings = {
				ALWAYS_SEARCH_USER_PATHS = NO;
				CLANG_ANALYZER_NONNULL = YES;
				CLANG_ANALYZER_NUMBER_OBJECT_CONVERSION = YES_AGGRESSIVE;
				CLANG_CXX_LANGUAGE_STANDARD = "gnu++20";
				CLANG_ENABLE_MODULES = YES;
				CLANG_ENABLE_OBJC_ARC = YES;
				CLANG_ENABLE_OBJC_WEAK = YES;
				CLANG_WARN_BLOCK_CAPTURE_AUTORELEASING = YES;
				CLANG_WARN_BOOL_CONVERSION = YES;
				CLANG_WARN_COMMA = YES;
				CLANG_WARN_CONSTANT_CONVERSION = YES;
				CLANG_WARN_DEPRECATED_OBJC_IMPLEMENTATIONS = YES;
				CLANG_WARN_DIRECT_OBJC_ISA_USAGE = YES_ERROR;
				CLANG_WARN_DOCUMENTATION_COMMENTS = YES;
				CLANG_WARN_EMPTY_BODY = YES;
				CLANG_WARN_ENUM_CONVERSION = YES;
				CLANG_WARN_INFINITE_RECURSION = YES;
				CLANG_WARN_INT_CONVERSION = YES;
				CLANG_WARN_NON_LITERAL_NULL_CONVERSION = YES;
				CLANG_WARN_OBJC_IMPLICIT_RETAIN_SELF = YES;
				CLANG_WARN_OBJC_LITERAL_CONVERSION = YES;
				CLANG_WARN_OBJC_ROOT_CLASS = YES_ERROR;
				CLANG_WARN_QUOTED_INCLUDE_IN_FRAMEWORK_HEADER = YES;
				CLANG_WARN_RANGE_LOOP_ANALYSIS = YES;
				CLANG_WARN_STRICT_PROTOTYPES = YES;
				CLANG_WARN_SUSPICIOUS_MOVE = YES;
				CLANG_WARN_UNGUARDED_AVAILABILITY = YES_AGGRESSIVE;
				CLANG_WARN_UNREACHABLE_CODE = YES;
				CLANG_WARN__DUPLICATE_METHOD_MATCH = YES;
				COPY_PHASE_STRIP = NO;
				DEBUG_INFORMATION_FORMAT = "dwarf-with-dsym";
				ENABLE_NS_ASSERTIONS = NO;
				ENABLE_STRICT_OBJC_MSGSEND = YES;
				GCC_C_LANGUAGE_STANDARD = gnu11;
				GCC_NO_COMMON_BLOCKS = YES;
				GCC_WARN_64_TO_32_BIT_CONVERSION = YES;
				GCC_WARN_ABOUT_RETURN_TYPE = YES_ERROR;
				GCC_WARN_UNDECLARED_SELECTOR = YES;
				GCC_WARN_UNINITIALIZED_AUTOS = YES_AGGRESSIVE;
				GCC_WARN_UNUSED_FUNCTION = YES;
				GCC_WARN_UNUSED_VARIABLE = YES;
				IPHONEOS_DEPLOYMENT_TARGET = 16.2;
				MTL_ENABLE_DEBUG_INFO = NO;
				MTL_FAST_MATH = YES;
				SDKROOT = iphoneos;
				SWIFT_COMPILATION_MODE = wholemodule;
				SWIFT_OPTIMIZATION_LEVEL = "-O";
				VALIDATE_PRODUCT = YES;
			};
			name = Release;
		};
		710C125529F64C2D003B8FE0 /* Debug */ = {
			isa = XCBuildConfiguration;
			buildSettings = {
				ASSETCATALOG_COMPILER_APPICON_NAME = AppIcon;
				ASSETCATALOG_COMPILER_GLOBAL_ACCENT_COLOR_NAME = AccentColor;
				CODE_SIGN_STYLE = Automatic;
				CURRENT_PROJECT_VERSION = 1;
				DEVELOPMENT_TEAM = 5ZS6V62UYT;
				GENERATE_INFOPLIST_FILE = YES;
				INFOPLIST_FILE = MyTwitterSampleApp/Info.plist;
				INFOPLIST_KEY_UIApplicationSupportsIndirectInputEvents = YES;
				INFOPLIST_KEY_UILaunchStoryboardName = LaunchScreen;
				INFOPLIST_KEY_UIMainStoryboardFile = Main;
				INFOPLIST_KEY_UISupportedInterfaceOrientations_iPad = "UIInterfaceOrientationPortrait UIInterfaceOrientationPortraitUpsideDown UIInterfaceOrientationLandscapeLeft UIInterfaceOrientationLandscapeRight";
				INFOPLIST_KEY_UISupportedInterfaceOrientations_iPhone = "UIInterfaceOrientationPortrait UIInterfaceOrientationLandscapeLeft UIInterfaceOrientationLandscapeRight";
				LD_RUNPATH_SEARCH_PATHS = (
					"$(inherited)",
					"@executable_path/Frameworks",
				);
				MARKETING_VERSION = 1.0;
				PRODUCT_BUNDLE_IDENTIFIER = "com.ios-academia.MyTwitterSampleApp";
				PRODUCT_NAME = "$(TARGET_NAME)";
				SWIFT_EMIT_LOC_STRINGS = YES;
				SWIFT_VERSION = 5.0;
				TARGETED_DEVICE_FAMILY = "1,2";
			};
			name = Debug;
		};
		710C125629F64C2D003B8FE0 /* Release */ = {
			isa = XCBuildConfiguration;
			buildSettings = {
				ASSETCATALOG_COMPILER_APPICON_NAME = AppIcon;
				ASSETCATALOG_COMPILER_GLOBAL_ACCENT_COLOR_NAME = AccentColor;
				CODE_SIGN_STYLE = Automatic;
				CURRENT_PROJECT_VERSION = 1;
				DEVELOPMENT_TEAM = 5ZS6V62UYT;
				GENERATE_INFOPLIST_FILE = YES;
				INFOPLIST_FILE = MyTwitterSampleApp/Info.plist;
				INFOPLIST_KEY_UIApplicationSupportsIndirectInputEvents = YES;
				INFOPLIST_KEY_UILaunchStoryboardName = LaunchScreen;
				INFOPLIST_KEY_UIMainStoryboardFile = Main;
				INFOPLIST_KEY_UISupportedInterfaceOrientations_iPad = "UIInterfaceOrientationPortrait UIInterfaceOrientationPortraitUpsideDown UIInterfaceOrientationLandscapeLeft UIInterfaceOrientationLandscapeRight";
				INFOPLIST_KEY_UISupportedInterfaceOrientations_iPhone = "UIInterfaceOrientationPortrait UIInterfaceOrientationLandscapeLeft UIInterfaceOrientationLandscapeRight";
				LD_RUNPATH_SEARCH_PATHS = (
					"$(inherited)",
					"@executable_path/Frameworks",
				);
				MARKETING_VERSION = 1.0;
				PRODUCT_BUNDLE_IDENTIFIER = "com.ios-academia.MyTwitterSampleApp";
				PRODUCT_NAME = "$(TARGET_NAME)";
				SWIFT_EMIT_LOC_STRINGS = YES;
				SWIFT_VERSION = 5.0;
				TARGETED_DEVICE_FAMILY = "1,2";
			};
			name = Release;
		};
		710C125829F64C2D003B8FE0 /* Debug */ = {
			isa = XCBuildConfiguration;
			buildSettings = {
				ALWAYS_EMBED_SWIFT_STANDARD_LIBRARIES = YES;
				BUNDLE_LOADER = "$(TEST_HOST)";
				CODE_SIGN_STYLE = Automatic;
				CURRENT_PROJECT_VERSION = 1;
				DEVELOPMENT_TEAM = 5ZS6V62UYT;
				GENERATE_INFOPLIST_FILE = YES;
				IPHONEOS_DEPLOYMENT_TARGET = 16.2;
				MARKETING_VERSION = 1.0;
				PRODUCT_BUNDLE_IDENTIFIER = "com.ios-academia.MyTwitterSampleAppTests";
				PRODUCT_NAME = "$(TARGET_NAME)";
				SWIFT_EMIT_LOC_STRINGS = NO;
				SWIFT_VERSION = 5.0;
				TARGETED_DEVICE_FAMILY = "1,2";
				TEST_HOST = "$(BUILT_PRODUCTS_DIR)/MyTwitterSampleApp.app/$(BUNDLE_EXECUTABLE_FOLDER_PATH)/MyTwitterSampleApp";
			};
			name = Debug;
		};
		710C125929F64C2D003B8FE0 /* Release */ = {
			isa = XCBuildConfiguration;
			buildSettings = {
				ALWAYS_EMBED_SWIFT_STANDARD_LIBRARIES = YES;
				BUNDLE_LOADER = "$(TEST_HOST)";
				CODE_SIGN_STYLE = Automatic;
				CURRENT_PROJECT_VERSION = 1;
				DEVELOPMENT_TEAM = 5ZS6V62UYT;
				GENERATE_INFOPLIST_FILE = YES;
				IPHONEOS_DEPLOYMENT_TARGET = 16.2;
				MARKETING_VERSION = 1.0;
				PRODUCT_BUNDLE_IDENTIFIER = "com.ios-academia.MyTwitterSampleAppTests";
				PRODUCT_NAME = "$(TARGET_NAME)";
				SWIFT_EMIT_LOC_STRINGS = NO;
				SWIFT_VERSION = 5.0;
				TARGETED_DEVICE_FAMILY = "1,2";
				TEST_HOST = "$(BUILT_PRODUCTS_DIR)/MyTwitterSampleApp.app/$(BUNDLE_EXECUTABLE_FOLDER_PATH)/MyTwitterSampleApp";
			};
			name = Release;
		};
		710C125B29F64C2D003B8FE0 /* Debug */ = {
			isa = XCBuildConfiguration;
			buildSettings = {
				ALWAYS_EMBED_SWIFT_STANDARD_LIBRARIES = YES;
				CODE_SIGN_STYLE = Automatic;
				CURRENT_PROJECT_VERSION = 1;
				DEVELOPMENT_TEAM = 5ZS6V62UYT;
				GENERATE_INFOPLIST_FILE = YES;
				MARKETING_VERSION = 1.0;
				PRODUCT_BUNDLE_IDENTIFIER = "com.ios-academia.MyTwitterSampleAppUITests";
				PRODUCT_NAME = "$(TARGET_NAME)";
				SWIFT_EMIT_LOC_STRINGS = NO;
				SWIFT_VERSION = 5.0;
				TARGETED_DEVICE_FAMILY = "1,2";
				TEST_TARGET_NAME = MyTwitterSampleApp;
			};
			name = Debug;
		};
		710C125C29F64C2D003B8FE0 /* Release */ = {
			isa = XCBuildConfiguration;
			buildSettings = {
				ALWAYS_EMBED_SWIFT_STANDARD_LIBRARIES = YES;
				CODE_SIGN_STYLE = Automatic;
				CURRENT_PROJECT_VERSION = 1;
				DEVELOPMENT_TEAM = 5ZS6V62UYT;
				GENERATE_INFOPLIST_FILE = YES;
				MARKETING_VERSION = 1.0;
				PRODUCT_BUNDLE_IDENTIFIER = "com.ios-academia.MyTwitterSampleAppUITests";
				PRODUCT_NAME = "$(TARGET_NAME)";
				SWIFT_EMIT_LOC_STRINGS = NO;
				SWIFT_VERSION = 5.0;
				TARGETED_DEVICE_FAMILY = "1,2";
				TEST_TARGET_NAME = MyTwitterSampleApp;
			};
			name = Release;
		};
/* End XCBuildConfiguration section */

/* Begin XCConfigurationList section */
		710C122529F64C2B003B8FE0 /* Build configuration list for PBXProject "MyTwitterSampleApp" */ = {
			isa = XCConfigurationList;
			buildConfigurations = (
				710C125229F64C2D003B8FE0 /* Debug */,
				710C125329F64C2D003B8FE0 /* Release */,
			);
			defaultConfigurationIsVisible = 0;
			defaultConfigurationName = Release;
		};
		710C125429F64C2D003B8FE0 /* Build configuration list for PBXNativeTarget "MyTwitterSampleApp" */ = {
			isa = XCConfigurationList;
			buildConfigurations = (
				710C125529F64C2D003B8FE0 /* Debug */,
				710C125629F64C2D003B8FE0 /* Release */,
			);
			defaultConfigurationIsVisible = 0;
			defaultConfigurationName = Release;
		};
		710C125729F64C2D003B8FE0 /* Build configuration list for PBXNativeTarget "MyTwitterSampleAppTests" */ = {
			isa = XCConfigurationList;
			buildConfigurations = (
				710C125829F64C2D003B8FE0 /* Debug */,
				710C125929F64C2D003B8FE0 /* Release */,
			);
			defaultConfigurationIsVisible = 0;
			defaultConfigurationName = Release;
		};
		710C125A29F64C2D003B8FE0 /* Build configuration list for PBXNativeTarget "MyTwitterSampleAppUITests" */ = {
			isa = XCConfigurationList;
			buildConfigurations = (
				710C125B29F64C2D003B8FE0 /* Debug */,
				710C125C29F64C2D003B8FE0 /* Release */,
			);
			defaultConfigurationIsVisible = 0;
			defaultConfigurationName = Release;
		};
/* End XCConfigurationList section */
	};
	rootObject = 710C122229F64C2B003B8FE0 /* Project object */;
}
