PODS:
  - Realm (10.35.1):
    - Realm/Headers (= 10.35.1)
  - Realm/Headers (10.35.1)
  - RealmSwift (10.35.1):
    - Realm (= 10.35.1)

DEPENDENCIES:
  - RealmSwift (~> 10)

SPEC REPOS:
  trunk:
    - Realm
    - RealmSwift

SPEC CHECKSUMS:
  Realm: ee5a67274a2c338dec50f5e01a811b6b8d657a10
  RealmSwift: 82f822142caa1e6ab96d3ea30bc83233e3d78ea3

PODFILE CHECKSUM: 9c7c10a31b07d52580ad9713a435c7fae6831587

COCOAPODS: 1.12.1
